
Microsoft Visual Studio Solution File, Format Version 12.00
# Visual Studio 14
VisualStudioVersion = 14.0.25420.1
MinimumVisualStudioVersion = 10.0.40219.1
Project("{FAE04EC0-301F-11D3-BF4B-00C04F79EFBC}") = "MTG.Web", "MTG.Web\MTG.Web.csproj", "{EE97FC85-A86F-4DE4-B9AA-D8E0793FF931}"
EndProject
Project("{00D1A9C2-B5F0-4AF3-8072-F6C62B433612}") = "MTGDb", "..\Database4\MTGDb.sqlproj", "{3902E0E9-4F21-4CC4-A49E-F74868CA4992}"
EndProject
Project("{FAE04EC0-301F-11D3-BF4B-00C04F79EFBC}") = "MTG.Data", "MTG.Data\MTG.Data\MTG.Data.csproj", "{9603A935-EB52-4288-8223-3C701B7AEEC9}"
EndProject
Project("{FAE04EC0-301F-11D3-BF4B-00C04F79EFBC}") = "MTG.Entities", "MTG.Entities\MTG.Entities\MTG.Entities.csproj", "{9A4BEC6A-3CCE-4C20-ACB0-06264051EBFA}"
EndProject
Global
	GlobalSection(SolutionConfigurationPlatforms) = preSolution
		Debug|Any CPU = Debug|Any CPU
		Debug|ARM = Debug|ARM
		Debug|x64 = Debug|x64
		Debug|x86 = Debug|x86
		Release|Any CPU = Release|Any CPU
		Release|ARM = Release|ARM
		Release|x64 = Release|x64
		Release|x86 = Release|x86
	EndGlobalSection
	GlobalSection(ProjectConfigurationPlatforms) = postSolution
		{EE97FC85-A86F-4DE4-B9AA-D8E0793FF931}.Debug|Any CPU.ActiveCfg = Debug|Any CPU
		{EE97FC85-A86F-4DE4-B9AA-D8E0793FF931}.Debug|Any CPU.Build.0 = Debug|Any CPU
		{EE97FC85-A86F-4DE4-B9AA-D8E0793FF931}.Debug|ARM.ActiveCfg = Debug|Any CPU
		{EE97FC85-A86F-4DE4-B9AA-D8E0793FF931}.Debug|ARM.Build.0 = Debug|Any CPU
		{EE97FC85-A86F-4DE4-B9AA-D8E0793FF931}.Debug|x64.ActiveCfg = Debug|Any CPU
		{EE97FC85-A86F-4DE4-B9AA-D8E0793FF931}.Debug|x64.Build.0 = Debug|Any CPU
		{EE97FC85-A86F-4DE4-B9AA-D8E0793FF931}.Debug|x86.ActiveCfg = Debug|Any CPU
		{EE97FC85-A86F-4DE4-B9AA-D8E0793FF931}.Debug|x86.Build.0 = Debug|Any CPU
		{EE97FC85-A86F-4DE4-B9AA-D8E0793FF931}.Release|Any CPU.ActiveCfg = Release|Any CPU
		{EE97FC85-A86F-4DE4-B9AA-D8E0793FF931}.Release|Any CPU.Build.0 = Release|Any CPU
		{EE97FC85-A86F-4DE4-B9AA-D8E0793FF931}.Release|ARM.ActiveCfg = Release|Any CPU
		{EE97FC85-A86F-4DE4-B9AA-D8E0793FF931}.Release|ARM.Build.0 = Release|Any CPU
		{EE97FC85-A86F-4DE4-B9AA-D8E0793FF931}.Release|x64.ActiveCfg = Release|Any CPU
		{EE97FC85-A86F-4DE4-B9AA-D8E0793FF931}.Release|x64.Build.0 = Release|Any CPU
		{EE97FC85-A86F-4DE4-B9AA-D8E0793FF931}.Release|x86.ActiveCfg = Release|Any CPU
		{EE97FC85-A86F-4DE4-B9AA-D8E0793FF931}.Release|x86.Build.0 = Release|Any CPU
		{3902E0E9-4F21-4CC4-A49E-F74868CA4992}.Debug|Any CPU.ActiveCfg = Debug|Any CPU
		{3902E0E9-4F21-4CC4-A49E-F74868CA4992}.Debug|Any CPU.Build.0 = Debug|Any CPU
		{3902E0E9-4F21-4CC4-A49E-F74868CA4992}.Debug|Any CPU.Deploy.0 = Debug|Any CPU
		{3902E0E9-4F21-4CC4-A49E-F74868CA4992}.Debug|ARM.ActiveCfg = Debug|Any CPU
		{3902E0E9-4F21-4CC4-A49E-F74868CA4992}.Debug|ARM.Build.0 = Debug|Any CPU
		{3902E0E9-4F21-4CC4-A49E-F74868CA4992}.Debug|ARM.Deploy.0 = Debug|Any CPU
		{3902E0E9-4F21-4CC4-A49E-F74868CA4992}.Debug|x64.ActiveCfg = Debug|Any CPU
		{3902E0E9-4F21-4CC4-A49E-F74868CA4992}.Debug|x64.Build.0 = Debug|Any CPU
		{3902E0E9-4F21-4CC4-A49E-F74868CA4992}.Debug|x64.Deploy.0 = Debug|Any CPU
		{3902E0E9-4F21-4CC4-A49E-F74868CA4992}.Debug|x86.ActiveCfg = Debug|Any CPU
		{3902E0E9-4F21-4CC4-A49E-F74868CA4992}.Debug|x86.Build.0 = Debug|Any CPU
		{3902E0E9-4F21-4CC4-A49E-F74868CA4992}.Debug|x86.Deploy.0 = Debug|Any CPU
		{3902E0E9-4F21-4CC4-A49E-F74868CA4992}.Release|Any CPU.ActiveCfg = Release|Any CPU
		{3902E0E9-4F21-4CC4-A49E-F74868CA4992}.Release|Any CPU.Build.0 = Release|Any CPU
		{3902E0E9-4F21-4CC4-A49E-F74868CA4992}.Release|Any CPU.Deploy.0 = Release|Any CPU
		{3902E0E9-4F21-4CC4-A49E-F74868CA4992}.Release|ARM.ActiveCfg = Release|Any CPU
		{3902E0E9-4F21-4CC4-A49E-F74868CA4992}.Release|ARM.Build.0 = Release|Any CPU
		{3902E0E9-4F21-4CC4-A49E-F74868CA4992}.Release|ARM.Deploy.0 = Release|Any CPU
		{3902E0E9-4F21-4CC4-A49E-F74868CA4992}.Release|x64.ActiveCfg = Release|Any CPU
		{3902E0E9-4F21-4CC4-A49E-F74868CA4992}.Release|x64.Build.0 = Release|Any CPU
		{3902E0E9-4F21-4CC4-A49E-F74868CA4992}.Release|x64.Deploy.0 = Release|Any CPU
		{3902E0E9-4F21-4CC4-A49E-F74868CA4992}.Release|x86.ActiveCfg = Release|Any CPU
		{3902E0E9-4F21-4CC4-A49E-F74868CA4992}.Release|x86.Build.0 = Release|Any CPU
		{3902E0E9-4F21-4CC4-A49E-F74868CA4992}.Release|x86.Deploy.0 = Release|Any CPU
		{9603A935-EB52-4288-8223-3C701B7AEEC9}.Debug|Any CPU.ActiveCfg = Debug|Any CPU
		{9603A935-EB52-4288-8223-3C701B7AEEC9}.Debug|Any CPU.Build.0 = Debug|Any CPU
		{9603A935-EB52-4288-8223-3C701B7AEEC9}.Debug|ARM.ActiveCfg = Debug|Any CPU
		{9603A935-EB52-4288-8223-3C701B7AEEC9}.Debug|ARM.Build.0 = Debug|Any CPU
		{9603A935-EB52-4288-8223-3C701B7AEEC9}.Debug|x64.ActiveCfg = Debug|Any CPU
		{9603A935-EB52-4288-8223-3C701B7AEEC9}.Debug|x64.Build.0 = Debug|Any CPU
		{9603A935-EB52-4288-8223-3C701B7AEEC9}.Debug|x86.ActiveCfg = Debug|Any CPU
		{9603A935-EB52-4288-8223-3C701B7AEEC9}.Debug|x86.Build.0 = Debug|Any CPU
		{9603A935-EB52-4288-8223-3C701B7AEEC9}.Release|Any CPU.ActiveCfg = Release|Any CPU
		{9603A935-EB52-4288-8223-3C701B7AEEC9}.Release|Any CPU.Build.0 = Release|Any CPU
		{9603A935-EB52-4288-8223-3C701B7AEEC9}.Release|ARM.ActiveCfg = Release|Any CPU
		{9603A935-EB52-4288-8223-3C701B7AEEC9}.Release|ARM.Build.0 = Release|Any CPU
		{9603A935-EB52-4288-8223-3C701B7AEEC9}.Release|x64.ActiveCfg = Release|Any CPU
		{9603A935-EB52-4288-8223-3C701B7AEEC9}.Release|x64.Build.0 = Release|Any CPU
		{9603A935-EB52-4288-8223-3C701B7AEEC9}.Release|x86.ActiveCfg = Release|Any CPU
		{9603A935-EB52-4288-8223-3C701B7AEEC9}.Release|x86.Build.0 = Release|Any CPU
		{9A4BEC6A-3CCE-4C20-ACB0-06264051EBFA}.Debug|Any CPU.ActiveCfg = Debug|Any CPU
		{9A4BEC6A-3CCE-4C20-ACB0-06264051EBFA}.Debug|Any CPU.Build.0 = Debug|Any CPU
		{9A4BEC6A-3CCE-4C20-ACB0-06264051EBFA}.Debug|ARM.ActiveCfg = Debug|Any CPU
		{9A4BEC6A-3CCE-4C20-ACB0-06264051EBFA}.Debug|ARM.Build.0 = Debug|Any CPU
		{9A4BEC6A-3CCE-4C20-ACB0-06264051EBFA}.Debug|x64.ActiveCfg = Debug|Any CPU
		{9A4BEC6A-3CCE-4C20-ACB0-06264051EBFA}.Debug|x64.Build.0 = Debug|Any CPU
		{9A4BEC6A-3CCE-4C20-ACB0-06264051EBFA}.Debug|x86.ActiveCfg = Debug|Any CPU
		{9A4BEC6A-3CCE-4C20-ACB0-06264051EBFA}.Debug|x86.Build.0 = Debug|Any CPU
		{9A4BEC6A-3CCE-4C20-ACB0-06264051EBFA}.Release|Any CPU.ActiveCfg = Release|Any CPU
		{9A4BEC6A-3CCE-4C20-ACB0-06264051EBFA}.Release|Any CPU.Build.0 = Release|Any CPU
		{9A4BEC6A-3CCE-4C20-ACB0-06264051EBFA}.Release|ARM.ActiveCfg = Release|Any CPU
		{9A4BEC6A-3CCE-4C20-ACB0-06264051EBFA}.Release|ARM.Build.0 = Release|Any CPU
		{9A4BEC6A-3CCE-4C20-ACB0-06264051EBFA}.Release|x64.ActiveCfg = Release|Any CPU
		{9A4BEC6A-3CCE-4C20-ACB0-06264051EBFA}.Release|x64.Build.0 = Release|Any CPU
		{9A4BEC6A-3CCE-4C20-ACB0-06264051EBFA}.Release|x86.ActiveCfg = Release|Any CPU
		{9A4BEC6A-3CCE-4C20-ACB0-06264051EBFA}.Release|x86.Build.0 = Release|Any CPU
	EndGlobalSection
	GlobalSection(SolutionProperties) = preSolution
		HideSolutionNode = FALSE
	EndGlobalSection
EndGlobal
